
Microsoft Visual Studio Solution File, Format Version 12.00
# Visual Studio Version 17
VisualStudioVersion = 17.8.34511.84
MinimumVisualStudioVersion = 10.0.40219.1
Project("{9A19103F-16F7-4668-BE54-9A1E7A4F7556}") = "DesafioPOO", "DesafioPOO.csproj", "{BFB5A623-B78D-449E-8918-5FC082112ECE}"
EndProject
Global
	GlobalSection(SolutionConfigurationPlatforms) = preSolution
		Debug|Any CPU = Debug|Any CPU
		Release|Any CPU = Release|Any CPU
	EndGlobalSection
	GlobalSection(ProjectConfigurationPlatforms) = postSolution
		{BFB5A623-B78D-449E-8918-5FC082112ECE}.Debug|Any CPU.ActiveCfg = Debug|Any CPU
		{BFB5A623-B78D-449E-8918-5FC082112ECE}.Debug|Any CPU.Build.0 = Debug|Any CPU
		{BFB5A623-B78D-449E-8918-5FC082112ECE}.Release|Any CPU.ActiveCfg = Release|Any CPU
		{BFB5A623-B78D-449E-8918-5FC082112ECE}.Release|Any CPU.Build.0 = Release|Any CPU
	EndGlobalSection
	GlobalSection(SolutionProperties) = preSolution
		HideSolutionNode = FALSE
	EndGlobalSection
	GlobalSection(ExtensibilityGlobals) = postSolution
		SolutionGuid = {D19479D0-9FEF-4ED9-B044-ACFE685E648E}
	EndGlobalSection
EndGlobal
